
Microsoft Visual Studio Solution File, Format Version 12.00
# Visual Studio Version 16
VisualStudioVersion = 16.0.28902.138
MinimumVisualStudioVersion = 10.0.40219.1
Project("{FAE04EC0-301F-11D3-BF4B-00C04F79EFBC}") = "WebApplicationPlatform", "WebApplicationPlatform.csproj", "{FF5EDF48-47D0-43E5-88E1-943B60C29671}"
EndProject
Global
	GlobalSection(SolutionConfigurationPlatforms) = preSolution
		Debug|Any CPU = Debug|Any CPU
		Release|Any CPU = Release|Any CPU
	EndGlobalSection
	GlobalSection(ProjectConfigurationPlatforms) = postSolution
		{FF5EDF48-47D0-43E5-88E1-943B60C29671}.Debug|Any CPU.ActiveCfg = Debug|Any CPU
		{FF5EDF48-47D0-43E5-88E1-943B60C29671}.Debug|Any CPU.Build.0 = Debug|Any CPU
		{FF5EDF48-47D0-43E5-88E1-943B60C29671}.Release|Any CPU.ActiveCfg = Release|Any CPU
		{FF5EDF48-47D0-43E5-88E1-943B60C29671}.Release|Any CPU.Build.0 = Release|Any CPU
	EndGlobalSection
	GlobalSection(SolutionProperties) = preSolution
		HideSolutionNode = FALSE
	EndGlobalSection
	GlobalSection(ExtensibilityGlobals) = postSolution
		SolutionGuid = {3CEACE82-C1E2-4318-86C3-E6DFA0DBC4CC}
	EndGlobalSection
EndGlobal
